
Microsoft Visual Studio Solution File, Format Version 12.00
# Visual Studio Version 16
VisualStudioVersion = 16.0.31112.23
MinimumVisualStudioVersion = 10.0.40219.1
Project("{FAE04EC0-301F-11D3-BF4B-00C04F79EFBC}") = "UrlShortener", "UrlShortener\UrlShortener.csproj", "{5842CF3F-AF4B-48FF-AEA3-6CEC46CB09FF}"
EndProject
Global
	GlobalSection(SolutionConfigurationPlatforms) = preSolution
		Debug|Any CPU = Debug|Any CPU
		Release|Any CPU = Release|Any CPU
	EndGlobalSection
	GlobalSection(ProjectConfigurationPlatforms) = postSolution
		{5842CF3F-AF4B-48FF-AEA3-6CEC46CB09FF}.Debug|Any CPU.ActiveCfg = Debug|Any CPU
		{5842CF3F-AF4B-48FF-AEA3-6CEC46CB09FF}.Debug|Any CPU.Build.0 = Debug|Any CPU
		{5842CF3F-AF4B-48FF-AEA3-6CEC46CB09FF}.Release|Any CPU.ActiveCfg = Release|Any CPU
		{5842CF3F-AF4B-48FF-AEA3-6CEC46CB09FF}.Release|Any CPU.Build.0 = Release|Any CPU
	EndGlobalSection
	GlobalSection(SolutionProperties) = preSolution
		HideSolutionNode = FALSE
	EndGlobalSection
	GlobalSection(ExtensibilityGlobals) = postSolution
		SolutionGuid = {11178642-2317-4C25-B970-FDFB10438E52}
	EndGlobalSection
EndGlobal
